
Microsoft Visual Studio Solution File, Format Version 12.00
# Visual Studio Version 17
VisualStudioVersion = 17.6.33829.357
MinimumVisualStudioVersion = 10.0.40219.1
Project("{9A19103F-16F7-4668-BE54-9A1E7A4F7556}") = "ClinicService", "ClinicService\ClinicService.csproj", "{F1D1481E-C301-4527-8B70-0388722893C3}"
EndProject
Project("{9A19103F-16F7-4668-BE54-9A1E7A4F7556}") = "ClinicDesktop", "ClinicDesktop\ClinicDesktop.csproj", "{8ED47E81-A702-4AB8-A98F-29AA545A29B3}"
EndProject
Project("{9A19103F-16F7-4668-BE54-9A1E7A4F7556}") = "ClinicDesktop.Data", "ClinicDesktop.Data\ClinicDesktop.Data.csproj", "{6DF9DFB5-CB2A-4138-BCE1-72FA441170C9}"
EndProject
Project("{FAE04EC0-301F-11D3-BF4B-00C04F79EFBC}") = "ClinicServiceTests", "ClinicServiceTests\ClinicServiceTests.csproj", "{8808E930-54D5-470A-A562-1D439AA3C9AE}"
EndProject
Global
	GlobalSection(SolutionConfigurationPlatforms) = preSolution
		Debug|Any CPU = Debug|Any CPU
		Release|Any CPU = Release|Any CPU
	EndGlobalSection
	GlobalSection(ProjectConfigurationPlatforms) = postSolution
		{F1D1481E-C301-4527-8B70-0388722893C3}.Debug|Any CPU.ActiveCfg = Debug|Any CPU
		{F1D1481E-C301-4527-8B70-0388722893C3}.Debug|Any CPU.Build.0 = Debug|Any CPU
		{F1D1481E-C301-4527-8B70-0388722893C3}.Release|Any CPU.ActiveCfg = Release|Any CPU
		{F1D1481E-C301-4527-8B70-0388722893C3}.Release|Any CPU.Build.0 = Release|Any CPU
		{8ED47E81-A702-4AB8-A98F-29AA545A29B3}.Debug|Any CPU.ActiveCfg = Debug|Any CPU
		{8ED47E81-A702-4AB8-A98F-29AA545A29B3}.Debug|Any CPU.Build.0 = Debug|Any CPU
		{8ED47E81-A702-4AB8-A98F-29AA545A29B3}.Release|Any CPU.ActiveCfg = Release|Any CPU
		{8ED47E81-A702-4AB8-A98F-29AA545A29B3}.Release|Any CPU.Build.0 = Release|Any CPU
		{6DF9DFB5-CB2A-4138-BCE1-72FA441170C9}.Debug|Any CPU.ActiveCfg = Debug|Any CPU
		{6DF9DFB5-CB2A-4138-BCE1-72FA441170C9}.Debug|Any CPU.Build.0 = Debug|Any CPU
		{6DF9DFB5-CB2A-4138-BCE1-72FA441170C9}.Release|Any CPU.ActiveCfg = Release|Any CPU
		{6DF9DFB5-CB2A-4138-BCE1-72FA441170C9}.Release|Any CPU.Build.0 = Release|Any CPU
		{8808E930-54D5-470A-A562-1D439AA3C9AE}.Debug|Any CPU.ActiveCfg = Debug|Any CPU
		{8808E930-54D5-470A-A562-1D439AA3C9AE}.Debug|Any CPU.Build.0 = Debug|Any CPU
		{8808E930-54D5-470A-A562-1D439AA3C9AE}.Release|Any CPU.ActiveCfg = Release|Any CPU
		{8808E930-54D5-470A-A562-1D439AA3C9AE}.Release|Any CPU.Build.0 = Release|Any CPU
	EndGlobalSection
	GlobalSection(SolutionProperties) = preSolution
		HideSolutionNode = FALSE
	EndGlobalSection
	GlobalSection(ExtensibilityGlobals) = postSolution
		SolutionGuid = {26318DB3-E8E9-4610-8C01-570B62CC5B2F}
	EndGlobalSection
EndGlobal
